
Microsoft Visual Studio Solution File, Format Version 12.00
# Visual Studio Version 16
VisualStudioVersion = 16.0.31205.134
MinimumVisualStudioVersion = 10.0.40219.1
Project("{FAE04EC0-301F-11D3-BF4B-00C04F79EFBC}") = "SampleNotifiaction", "SampleNotifiaction.csproj", "{BADCCD58-C01E-462F-A6BB-A6B42AF48073}"
EndProject
Global
	GlobalSection(SolutionConfigurationPlatforms) = preSolution
		Debug|Any CPU = Debug|Any CPU
		Release|Any CPU = Release|Any CPU
	EndGlobalSection
	GlobalSection(ProjectConfigurationPlatforms) = postSolution
		{BADCCD58-C01E-462F-A6BB-A6B42AF48073}.Debug|Any CPU.ActiveCfg = Debug|Any CPU
		{BADCCD58-C01E-462F-A6BB-A6B42AF48073}.Debug|Any CPU.Build.0 = Debug|Any CPU
		{BADCCD58-C01E-462F-A6BB-A6B42AF48073}.Release|Any CPU.ActiveCfg = Release|Any CPU
		{BADCCD58-C01E-462F-A6BB-A6B42AF48073}.Release|Any CPU.Build.0 = Release|Any CPU
	EndGlobalSection
	GlobalSection(SolutionProperties) = preSolution
		HideSolutionNode = FALSE
	EndGlobalSection
	GlobalSection(ExtensibilityGlobals) = postSolution
		SolutionGuid = {63C503DF-6FFD-4BE0-8A82-C5B8DD2A52CD}
	EndGlobalSection
EndGlobal
